<?xml version="1.0" encoding="utf-8"?>
<Project ToolsVersion="4.0" xmlns="http://schemas.microsoft.com/developer/msbuild/2003">
  <ItemGroup>
    <Filter Include="ソース ファイル">
      <UniqueIdentifier>{4FC737F1-C7A5-4376-A066-2A32D752A2FF}</UniqueIdentifier>
      <Extensions>cpp;c;cc;cxx;def;odl;idl;hpj;bat;asm;asmx</Extensions>
    </Filter>
    <Filter Include="ヘッダー ファイル">
      <UniqueIdentifier>{93995380-89BD-4b04-88EB-625FBE52EBFB}</UniqueIdentifier>
      <Extensions>h;hh;hpp;hxx;hm;inl;inc;ipp;xsd</Extensions>
    </Filter>
    <Filter Include="リソース ファイル">
      <UniqueIdentifier>{67DA6AB6-F800-4c08-8B7A-83BB121AAD01}</UniqueIdentifier>
      <Extensions>rc;ico;cur;bmp;dlg;rc2;rct;bin;rgs;gif;jpg;jpeg;jpe;resx;tiff;tif;png;wav;mfcribbon-ms</Extensions>
    </Filter>
    <Filter Include="ソース ファイル\Engine">
      <UniqueIdentifier>{3df5aa8b-cd71-4552-afe7-b986742f4ea5}</UniqueIdentifier>
    </Filter>
    <Filter Include="ソース ファイル\Scene">
      <UniqueIdentifier>{2e027706-9972-4cf6-946e-ad83f253ff60}</UniqueIdentifier>
    </Filter>
    <Filter Include="ソース ファイル\Texture">
      <UniqueIdentifier>{9b0bfb9e-674e-4dc2-a063-5b52790c8375}</UniqueIdentifier>
    </Filter>
  </ItemGroup>
  <ItemGroup>
    <ClCompile Include="3DLibrary\3DLibrary\Main.cpp">
      <Filter>ソース ファイル</Filter>
    </ClCompile>
    <ClCompile Include="3DLibrary\3DLibrary\Engine\Engine.cpp">
      <Filter>ソース ファイル\Engine</Filter>
    </ClCompile>
    <ClCompile Include="3DLibrary\3DLibrary\Engine\Graphics.cpp">
      <Filter>ソース ファイル\Engine</Filter>
    </ClCompile>
    <ClCompile Include="3DLibrary\3DLibrary\Engine\Input.cpp">
      <Filter>ソース ファイル\Engine</Filter>
    </ClCompile>
    <ClCompile Include="3DLibrary\3DLibrary\Engine\Window.cpp">
      <Filter>ソース ファイル\Engine</Filter>
    </ClCompile>
    <ClCompile Include="3DLibrary\3DLibrary\Texture\Texture.cpp">
      <Filter>ソース ファイル\Texture</Filter>
    </ClCompile>
    <ClCompile Include="3DLibrary\3DLibrary\Scene\BaseScene.cpp">
      <Filter>ソース ファイル\Scene</Filter>
    </ClCompile>
    <ClCompile Include="3DLibrary\3DLibrary\Scene\I_SceneChanger.cpp">
      <Filter>ソース ファイル\Scene</Filter>
    </ClCompile>
    <ClCompile Include="3DLibrary\3DLibrary\Scene\SceneManager.cpp">
      <Filter>ソース ファイル\Scene</Filter>
    </ClCompile>
    <ClCompile Include="3DLibrary\3DLibrary\Scene\TitleScene.cpp">
      <Filter>ソース ファイル\Scene</Filter>
    </ClCompile>
    <ClCompile Include="3DLibrary\3DLibrary\Scene\GameScene.cpp">
      <Filter>ソース ファイル</Filter>
    </ClCompile>
    <ClCompile Include="3DLibrary\3DLibrary\Scene\HelpScene.cpp">
      <Filter>ソース ファイル</Filter>
    </ClCompile>
    <ClCompile Include="3DLibrary\3DLibrary\Engine\Camera.cpp">
      <Filter>ソース ファイル</Filter>
    </ClCompile>
  </ItemGroup>
  <ItemGroup>
    <ClInclude Include="3DLibrary\3DLibrary\Task.hpp">
      <Filter>ヘッダー ファイル</Filter>
    </ClInclude>
    <ClInclude Include="3DLibrary\3DLibrary\Size.hpp">
      <Filter>ヘッダー ファイル</Filter>
    </ClInclude>
    <ClInclude Include="3DLibrary\3DLibrary\Engine\Engine.hpp">
      <Filter>ソース ファイル\Engine</Filter>
    </ClInclude>
    <ClInclude Include="3DLibrary\3DLibrary\Engine\Graphics.hpp">
      <Filter>ソース ファイル\Engine</Filter>
    </ClInclude>
    <ClInclude Include="3DLibrary\3DLibrary\Engine\Input.hpp">
      <Filter>ソース ファイル\Engine</Filter>
    </ClInclude>
    <ClInclude Include="3DLibrary\3DLibrary\Engine\Window.hpp">
      <Filter>ソース ファイル\Engine</Filter>
    </ClInclude>
    <ClInclude Include="3DLibrary\3DLibrary\Texture\Texture.hpp">
      <Filter>ソース ファイル\Texture</Filter>
    </ClInclude>
    <ClInclude Include="3DLibrary\3DLibrary\Scene\BaseScene.hpp">
      <Filter>ソース ファイル\Scene</Filter>
    </ClInclude>
    <ClInclude Include="3DLibrary\3DLibrary\Scene\GameScene.hpp">
      <Filter>ソース ファイル\Scene</Filter>
    </ClInclude>
    <ClInclude Include="3DLibrary\3DLibrary\Scene\HelpScene.hpp">
      <Filter>ソース ファイル\Scene</Filter>
    </ClInclude>
    <ClInclude Include="3DLibrary\3DLibrary\Scene\I_SceneChanger.hpp">
      <Filter>ソース ファイル\Scene</Filter>
    </ClInclude>
    <ClInclude Include="3DLibrary\3DLibrary\Scene\SceneManager.hpp">
      <Filter>ソース ファイル\Scene</Filter>
    </ClInclude>
    <ClInclude Include="3DLibrary\3DLibrary\Scene\TitleScene.hpp">
      <Filter>ソース ファイル\Scene</Filter>
    </ClInclude>
    <ClInclude Include="Animation\AnimationBase\AnimationBase.h">
      <Filter>ヘッダー ファイル</Filter>
    </ClInclude>
    <ClInclude Include="Animation\AnimationManager\AnimationManager.h">
      <Filter>ヘッダー ファイル</Filter>
    </ClInclude>
    <ClInclude Include="Animation\WaitAnimation\WaitAnimation.h">
      <Filter>ヘッダー ファイル</Filter>
    </ClInclude>
    <ClInclude Include="Animation\AttackAnimation\AttackAnimation.h">
      <Filter>ヘッダー ファイル</Filter>
    </ClInclude>
    <ClInclude Include="3DLibrary\3DLibrary\GameDefinition.h">
      <Filter>ヘッダー ファイル</Filter>
    </ClInclude>
    <ClInclude Include="3DLibrary\3DLibrary\Engine\Camera.h">
      <Filter>ヘッダー ファイル</Filter>
    </ClInclude>
  </ItemGroup>
</Project>